
Microsoft Visual Studio Solution File, Format Version 12.00
# Visual Studio 2012
Project("{FAE04EC0-301F-11D3-BF4B-00C04F79EFBC}") = "Avenue-Workflow.ah.co.uk", "Avenue-Workflow.ah.co.uk.csproj", "{5945CCB0-E167-4126-9583-1D378B55E32C}"
EndProject
Project("{FAE04EC0-301F-11D3-BF4B-00C04F79EFBC}") = "AvenueHeights", "..\..\Avenue Classes\AvenueHeights\AvenueHeights.csproj", "{647ACF66-1F4E-427F-B01D-5048779AD46A}"
EndProject
Project("{FAE04EC0-301F-11D3-BF4B-00C04F79EFBC}") = "AvenueWorkflow", "..\..\Avenue Classes\AvenueWorkflow\AvenueWorkflow.csproj", "{7F2914E1-F567-4295-9CF3-76C875AE6D63}"
EndProject
Global
	GlobalSection(SolutionConfigurationPlatforms) = preSolution
		Debug|Any CPU = Debug|Any CPU
		Release|Any CPU = Release|Any CPU
	EndGlobalSection
	GlobalSection(ProjectConfigurationPlatforms) = postSolution
		{5945CCB0-E167-4126-9583-1D378B55E32C}.Debug|Any CPU.ActiveCfg = Debug|Any CPU
		{5945CCB0-E167-4126-9583-1D378B55E32C}.Debug|Any CPU.Build.0 = Debug|Any CPU
		{5945CCB0-E167-4126-9583-1D378B55E32C}.Release|Any CPU.ActiveCfg = Release|Any CPU
		{5945CCB0-E167-4126-9583-1D378B55E32C}.Release|Any CPU.Build.0 = Release|Any CPU
		{647ACF66-1F4E-427F-B01D-5048779AD46A}.Debug|Any CPU.ActiveCfg = Debug|Any CPU
		{647ACF66-1F4E-427F-B01D-5048779AD46A}.Debug|Any CPU.Build.0 = Debug|Any CPU
		{647ACF66-1F4E-427F-B01D-5048779AD46A}.Release|Any CPU.ActiveCfg = Release|Any CPU
		{647ACF66-1F4E-427F-B01D-5048779AD46A}.Release|Any CPU.Build.0 = Release|Any CPU
		{7F2914E1-F567-4295-9CF3-76C875AE6D63}.Debug|Any CPU.ActiveCfg = Debug|Any CPU
		{7F2914E1-F567-4295-9CF3-76C875AE6D63}.Debug|Any CPU.Build.0 = Debug|Any CPU
		{7F2914E1-F567-4295-9CF3-76C875AE6D63}.Release|Any CPU.ActiveCfg = Release|Any CPU
		{7F2914E1-F567-4295-9CF3-76C875AE6D63}.Release|Any CPU.Build.0 = Release|Any CPU
	EndGlobalSection
	GlobalSection(SolutionProperties) = preSolution
		HideSolutionNode = FALSE
	EndGlobalSection
EndGlobal
